
Microsoft Visual Studio Solution File, Format Version 12.00
# Visual Studio Version 16
VisualStudioVersion = 25.0.1706.7
MinimumVisualStudioVersion = 10.0.40219.1
Project("{FAE04EC0-301F-11D3-BF4B-00C04F79EFBC}") = "sevrer", "sevrer\sevrer.csproj", "{1F1C600A-6209-4F78-9191-18D12FFDE452}"
EndProject
Project("{FAE04EC0-301F-11D3-BF4B-00C04F79EFBC}") = "Tests", "Tests\Tests.csproj", "{100AED5B-CE9C-4BD2-BAC9-A43067A4804D}"
EndProject
Global
	GlobalSection(SolutionConfigurationPlatforms) = preSolution
		Debug|Any CPU = Debug|Any CPU
		Release|Any CPU = Release|Any CPU
	EndGlobalSection
	GlobalSection(ProjectConfigurationPlatforms) = postSolution
		{1F1C600A-6209-4F78-9191-18D12FFDE452}.Debug|Any CPU.ActiveCfg = Debug|Any CPU
		{1F1C600A-6209-4F78-9191-18D12FFDE452}.Debug|Any CPU.Build.0 = Debug|Any CPU
		{1F1C600A-6209-4F78-9191-18D12FFDE452}.Release|Any CPU.ActiveCfg = Release|Any CPU
		{1F1C600A-6209-4F78-9191-18D12FFDE452}.Release|Any CPU.Build.0 = Release|Any CPU
		{100AED5B-CE9C-4BD2-BAC9-A43067A4804D}.Debug|Any CPU.ActiveCfg = Debug|Any CPU
		{100AED5B-CE9C-4BD2-BAC9-A43067A4804D}.Debug|Any CPU.Build.0 = Debug|Any CPU
		{100AED5B-CE9C-4BD2-BAC9-A43067A4804D}.Release|Any CPU.ActiveCfg = Release|Any CPU
		{100AED5B-CE9C-4BD2-BAC9-A43067A4804D}.Release|Any CPU.Build.0 = Release|Any CPU
	EndGlobalSection
	GlobalSection(SolutionProperties) = preSolution
		HideSolutionNode = FALSE
	EndGlobalSection
	GlobalSection(ExtensibilityGlobals) = postSolution
		SolutionGuid = {1B6835ED-A1F8-43F3-BB77-BC8DD7362B1A}
	EndGlobalSection
EndGlobal
